
Microsoft Visual Studio Solution File, Format Version 12.00
# Visual Studio Version 17
VisualStudioVersion = 17.1.32228.430
MinimumVisualStudioVersion = 10.0.40219.1
Project("{FAE04EC0-301F-11D3-BF4B-00C04F79EFBC}") = "Типы данных", "Типы данных\Типы данных.csproj", "{A7D0B024-482F-44D3-828D-6A858E2338A5}"
EndProject
Project("{FAE04EC0-301F-11D3-BF4B-00C04F79EFBC}") = "Приоритет арифметических операций", "Приоритет арифметических операций\Приоритет арифметических операций.csproj", "{E8FF2372-F47A-47AF-9DEE-8736E0EB4EE0}"
EndProject
Project("{FAE04EC0-301F-11D3-BF4B-00C04F79EFBC}") = "Объявление и инициализация переменных", "Объявление и инициализация переменных\Объявление и инициализация переменных.csproj", "{71C603F3-2C63-4B51-98A0-736781290A26}"
EndProject
Project("{FAE04EC0-301F-11D3-BF4B-00C04F79EFBC}") = "Ввод данных в консоль", "Ввод данных в консоль\Ввод данных в консоль.csproj", "{055BF3D6-EB54-4455-AB72-6F50261D57EE}"
EndProject
Project("{FAE04EC0-301F-11D3-BF4B-00C04F79EFBC}") = "Конвертация типов данных (Перевод строки в число.)", "Конвертация типов данных (Перевод строки в число.)\Конвертация типов данных (Перевод строки в число.).csproj", "{B9389BD7-EB14-46FA-9187-C487CC9615DF}"
EndProject
Project("{FAE04EC0-301F-11D3-BF4B-00C04F79EFBC}") = "Конвертация строки (parse и tryparse)", "Конвертация строки (parse и tryparse)\Конвертация строки (parse и tryparse).csproj", "{2509E308-2E75-4FFA-930D-17E206631E76}"
EndProject
Project("{FAE04EC0-301F-11D3-BF4B-00C04F79EFBC}") = "Операторы", "Операторы\Операторы.csproj", "{A9FF20D0-BC32-4CBB-ACF5-CECB995D6890}"
EndProject
Project("{FAE04EC0-301F-11D3-BF4B-00C04F79EFBC}") = "ДЗ1 Среднее арифметическое", "ДЗ1 Среднее арифметическое\ДЗ1 Среднее арифметическое.csproj", "{E73AB0E4-2D9D-4399-AA9A-012A6BD47896}"
EndProject
Project("{FAE04EC0-301F-11D3-BF4B-00C04F79EFBC}") = "ДЗ2 Сумма и произведение 3х чисел", "ДЗ2 Сумма и произведение 3х чисел\ДЗ2 Сумма и произведение 3х чисел.csproj", "{226DBF2E-BCDD-4733-92B3-FD65281DFEE1}"
EndProject
Project("{FAE04EC0-301F-11D3-BF4B-00C04F79EFBC}") = "ДЗ3 Конвертер валют на хардкоде", "ДЗ3 Конвертер валют на хардкоде\ДЗ3 Конвертер валют на хардкоде.csproj", "{BD03FAD8-636B-4EAE-B2A2-E7C131A7CAFB}"
EndProject
Project("{FAE04EC0-301F-11D3-BF4B-00C04F79EFBC}") = "Унарные арифметические операции. Инкремент и декремент", "Унарные арифметические операции. Инкремент и декремент\Унарные арифметические операции. Инкремент и декремент.csproj", "{8B50B1F6-DDCB-4ACB-BFBD-2E50C3BBD0CE}"
EndProject
Project("{9A19103F-16F7-4668-BE54-9A1E7A4F7556}") = "Операторы сравнения", "Операторы сравнения\Операторы сравнения.csproj", "{6AEE072C-51A0-45F7-8251-E3DCF8AEE454}"
EndProject
Project("{9A19103F-16F7-4668-BE54-9A1E7A4F7556}") = "IF ELSE. Конструкция логического выбора", "IF ELSE. Конструкция логического выбора\IF ELSE. Конструкция логического выбора.csproj", "{843698D8-66A5-4A48-A163-415B8AFB3307}"
EndProject
Project("{9A19103F-16F7-4668-BE54-9A1E7A4F7556}") = "ДЗ4 Проверка чисел на чётность", "ДЗ4 Проверка чисел на чётность\ДЗ4 Проверка чисел на чётность.csproj", "{A61BE14B-66A5-4529-BD03-5E8C760B2DA6}"
EndProject
Project("{9A19103F-16F7-4668-BE54-9A1E7A4F7556}") = "Логические операторыи  сокращённые логические операции", "Логические операторыи  сокращённые логические операции\Логические операторыи  сокращённые логические операции.csproj", "{41DB7EDC-16AD-4AA2-B2E9-B44B10E90012}"
EndProject
Project("{9A19103F-16F7-4668-BE54-9A1E7A4F7556}") = "Условный оператор Switch", "Условный оператор Switch\Условный оператор Switch.csproj", "{CF625A09-5885-47E5-B512-0B682A75C92B}"
EndProject
Project("{9A19103F-16F7-4668-BE54-9A1E7A4F7556}") = "ДЗ5.1 Калькулятор на switch", "ДЗ5.1 Калькулятор на switch\ДЗ5.1 Калькулятор на switch.csproj", "{1AFABD49-82D1-4187-9518-5A3286D0449A}"
EndProject
Project("{9A19103F-16F7-4668-BE54-9A1E7A4F7556}") = "ДЗ5.2 Калькулятор на switch другая проверка", "ДЗ5.2 Калькулятор на switch другая проверка\ДЗ5.2 Калькулятор на switch другая проверка.csproj", "{8F623949-4BB5-46AF-98FD-768016BD4D0B}"
EndProject
Project("{9A19103F-16F7-4668-BE54-9A1E7A4F7556}") = "Цикл while", "Цикл while\Цикл while.csproj", "{0698D402-339F-46A3-A18F-EC2B8534FF97}"
EndProject
Project("{9A19103F-16F7-4668-BE54-9A1E7A4F7556}") = "ДЗ6 Подсчёт чётный и нечётных чисел с вводом данных от пользователя", "ДЗ6 Подсчёт чётный и нечётных чисел с вводом данных от пользователя\ДЗ6 Подсчёт чётный и нечётных чисел с вводом данных от пользователя.csproj", "{2C04ECFE-6BF4-496E-9835-D4EBDD147D00}"
EndProject
Project("{9A19103F-16F7-4668-BE54-9A1E7A4F7556}") = "Цикл FOR", "Цикл FOR\Цикл FOR.csproj", "{9CAFA7D2-BE6C-4A2C-843C-0CC5DF0BB144}"
EndProject
Project("{9A19103F-16F7-4668-BE54-9A1E7A4F7556}") = "Цикл  FOR. Специфика работы", "Цикл  FOR. Специфика работы\Цикл  FOR. Специфика работы.csproj", "{84F9627F-0F85-462D-88B1-C4CD888B9B85}"
EndProject
Project("{9A19103F-16F7-4668-BE54-9A1E7A4F7556}") = "BREAK", "BREAK\BREAK.csproj", "{CA667105-4FCC-4BBC-839E-967BE8A4CC9C}"
EndProject
Project("{9A19103F-16F7-4668-BE54-9A1E7A4F7556}") = "CONTINUE", "CONTINUE\CONTINUE.csproj", "{F4B8CAC1-781B-4420-9304-41C328E9F181}"
EndProject
Project("{9A19103F-16F7-4668-BE54-9A1E7A4F7556}") = "Вложенные циклы (Конструкции)", "Вложенные циклы (Конструкции)\Вложенные циклы (Конструкции).csproj", "{C5145A27-0FE4-4B13-B230-68B193D3B046}"
EndProject
Project("{9A19103F-16F7-4668-BE54-9A1E7A4F7556}") = "ДЗ7 Отрисовка треугольников в консоли", "ДЗ7 Отрисовка треугольников в консоли\ДЗ7 Отрисовка треугольников в консоли.csproj", "{BC70FE14-5F7F-49AB-993E-9F27DB1E0938}"
EndProject
Project("{9A19103F-16F7-4668-BE54-9A1E7A4F7556}") = "Тернарный оператор", "Тернарный оператор\Тернарный оператор.csproj", "{098B6D25-8272-421B-A910-E191DE5FEA2A}"
EndProject
Project("{9A19103F-16F7-4668-BE54-9A1E7A4F7556}") = "Одномерный массив", "Одномерный массив\Одномерный массив.csproj", "{96A626C1-DDFA-4C86-A0CB-009078714C06}"
EndProject
Project("{9A19103F-16F7-4668-BE54-9A1E7A4F7556}") = "Взаимодействие массивов и циклов. Вывод массивов", "Взаимодействие массивов и циклов. Вывод массивов\Взаимодействие массивов и циклов. Вывод массивов.csproj", "{64B64A86-D38E-457C-B840-D3C3E1189F80}"
EndProject
Project("{9A19103F-16F7-4668-BE54-9A1E7A4F7556}") = "ДЗ8 Массивы", "ДЗ8 Массивы\ДЗ8 Массивы.csproj", "{E6751F94-4A89-435D-B5E0-36542629E988}"
EndProject
Project("{9A19103F-16F7-4668-BE54-9A1E7A4F7556}") = "Реальная работа с массивами", "Реальная работа с массивами\Реальная работа с массивами.csproj", "{05E2D1B8-6121-4A0E-A83D-5DF2A1878969}"
EndProject
Project("{9A19103F-16F7-4668-BE54-9A1E7A4F7556}") = "Индексы и диапазоны", "Индексы и диапазоны\Индексы и диапазоны.csproj", "{5AE147F3-95A8-4706-ADB5-6C5630A332AC}"
EndProject
Project("{9A19103F-16F7-4668-BE54-9A1E7A4F7556}") = "Двумерные прямоугольные массивы", "Двумерные прямоугольные массивы\Двумерные прямоугольные массивы.csproj", "{E244309E-EB2F-47DC-AD6D-029F2F71331D}"
EndProject
Project("{9A19103F-16F7-4668-BE54-9A1E7A4F7556}") = "Заполнение двумерного массива случайными числами", "Заполнение двумерного массива случайными числами\Заполнение двумерного массива случайными числами.csproj", "{A938E07C-D593-4426-9E3E-A0A4229FC4CA}"
EndProject
Project("{9A19103F-16F7-4668-BE54-9A1E7A4F7556}") = "Заполнение двумерного массива с клавиатуры", "Заполнение двумерного массива с клавиатуры\Заполнение двумерного массива с клавиатуры.csproj", "{A8D80083-8693-4ACC-A57E-516929CD5022}"
EndProject
Project("{9A19103F-16F7-4668-BE54-9A1E7A4F7556}") = "Ступенчатые (Зубчатые) массивы", "Ступенчатые (Зубчатые) массивы\Ступенчатые (Зубчатые) массивы.csproj", "{0815F8AB-2358-4826-8161-4FE822C1CEB9}"
EndProject
Project("{9A19103F-16F7-4668-BE54-9A1E7A4F7556}") = "Массивы третьей и более мерности", "Массивы третьей и более мерности\Массивы третьей и более мерности.csproj", "{CF513F4E-BBC5-4980-91AA-37AA4D0979DB}"
EndProject
Project("{9A19103F-16F7-4668-BE54-9A1E7A4F7556}") = "Методы и функции", "Методы и функции\Методы и функции.csproj", "{BAC031E5-F02C-4005-838E-1AC19553CF0B}"
EndProject
Project("{9A19103F-16F7-4668-BE54-9A1E7A4F7556}") = "ДЗ9 Методы", "ДЗ9 Методы\ДЗ9 Методы.csproj", "{EEEA5896-368E-4375-81FC-8D440CEAE982}"
EndProject
Project("{9A19103F-16F7-4668-BE54-9A1E7A4F7556}") = "Перегрузка в методах", "Перегрузка в методах\Перегрузка в методах.csproj", "{417B5A1C-765B-4A65-AA3F-D220403F72B3}"
EndProject
Project("{9A19103F-16F7-4668-BE54-9A1E7A4F7556}") = "Область видимости и контекст переменной", "Область видимости и контекст переменной\Область видимости и контекст переменной.csproj", "{BC09A607-0E88-49B8-A167-E43C3B44C894}"
EndProject
Project("{9A19103F-16F7-4668-BE54-9A1E7A4F7556}") = "Ссылочные и значимые типы", "Ссылочные и значимые типы\Ссылочные и значимые типы.csproj", "{21855871-101A-42C0-BDC3-5426441B4F34}"
EndProject
Project("{9A19103F-16F7-4668-BE54-9A1E7A4F7556}") = "NULL", "NULL\NULL.csproj", "{627E282E-4849-430B-912D-BCDD0A5349CF}"
EndProject
Project("{9A19103F-16F7-4668-BE54-9A1E7A4F7556}") = "Оператор null-объединения", "Оператор null-объединения\Оператор null-объединения.csproj", "{80872A51-91BA-48D2-8DE1-1D4996A6D16F}"
EndProject
Project("{9A19103F-16F7-4668-BE54-9A1E7A4F7556}") = "Оператор присваивания объединения  значения  с null", "Оператор присваивания объединения  значения  с null\Оператор присваивания объединения  значения  с null.csproj", "{A3E71C6A-D9C4-4540-837C-524136D4E4E1}"
EndProject
Project("{9A19103F-16F7-4668-BE54-9A1E7A4F7556}") = "Оператор условного null", "Оператор условного null\Оператор условного null.csproj", "{0F7D0597-D6FC-4545-941F-6DEDD30B3D95}"
EndProject
Project("{9A19103F-16F7-4668-BE54-9A1E7A4F7556}") = "REF", "REF\REF.csproj", "{D6FB9723-734C-4B51-9A2A-681C36BFE79E}"
EndProject
Project("{9A19103F-16F7-4668-BE54-9A1E7A4F7556}") = "ДЗ10 Отработка REF и методов на массивах", "ДЗ10 Отработка REF и методов на массивах\ДЗ10 Отработка REF и методов на массивах.csproj", "{A3347B54-14B4-4CEC-B91D-C580A77A1209}"
EndProject
Project("{9A19103F-16F7-4668-BE54-9A1E7A4F7556}") = "OUT", "OUT\OUT.csproj", "{BB7DD40B-0AF1-44F3-9B13-90746DFFC0ED}"
EndProject
Project("{9A19103F-16F7-4668-BE54-9A1E7A4F7556}") = "IN", "IN\IN.csproj", "{B63EB77A-B5AD-4530-94E6-38EE8C752ADB}"
EndProject
Project("{9A19103F-16F7-4668-BE54-9A1E7A4F7556}") = "Цикл Do While", "Цикл Do While\Цикл Do While.csproj", "{FC537D3C-9A7B-4C3F-BC29-D4A68DFB5227}"
EndProject
Project("{9A19103F-16F7-4668-BE54-9A1E7A4F7556}") = "PARAMS", "PARAMS\PARAMS.csproj", "{A24F7AD9-4822-4AD6-9EC8-2695BE865FF8}"
EndProject
Project("{9A19103F-16F7-4668-BE54-9A1E7A4F7556}") = "Необязательные параметры метода", "Необязательные параметры метода\Необязательные параметры метода.csproj", "{23BFDC1F-F6B2-4C24-B34F-FD281C902ED1}"
EndProject
Project("{9A19103F-16F7-4668-BE54-9A1E7A4F7556}") = "Именованные параметры", "Именованные параметры\Именованные параметры.csproj", "{44470E20-5933-44A4-97A2-BE189963C916}"
EndProject
Project("{9A19103F-16F7-4668-BE54-9A1E7A4F7556}") = "PUGSDUCKS TEST", "PUGSDUCKS TEST\PUGSDUCKS TEST.csproj", "{51D5B67F-0559-4B04-8743-699F81CFF2CA}"
EndProject
Project("{9A19103F-16F7-4668-BE54-9A1E7A4F7556}") = "Рекурсия и Stack Owerflow", "Рекурсия и Stack Owerflow\Рекурсия и Stack Owerflow.csproj", "{6D382331-D2BD-41F4-931E-0362EA255803}"
EndProject
Project("{9A19103F-16F7-4668-BE54-9A1E7A4F7556}") = "ДЗ11 Отработка рекурсии", "ДЗ11 Отработка рекурсии\ДЗ11 Отработка рекурсии.csproj", "{216E2B90-7BBE-4DB3-A3D0-3BAC8AAAA50A}"
EndProject
Project("{9A19103F-16F7-4668-BE54-9A1E7A4F7556}") = "Преобразование (привидение) типов данных", "Преобразование (привидение) типов данных\Преобразование (привидение) типов данных.csproj", "{1F2E3168-81BC-4963-8C7B-91772D5EB904}"
EndProject
Project("{9A19103F-16F7-4668-BE54-9A1E7A4F7556}") = "Арифметическое переполнение", "Арифметическое переполнение\Арифметическое переполнение.csproj", "{41134D98-9B62-4ADE-BF94-8446F9CEB9B5}"
EndProject
Project("{9A19103F-16F7-4668-BE54-9A1E7A4F7556}") = "Nullable", "Nullable\Nullable.csproj", "{5CC2D434-BE9C-498A-A2A7-CBE3F9677194}"
EndProject
Project("{9A19103F-16F7-4668-BE54-9A1E7A4F7556}") = "VAR", "VAR\VAR.csproj", "{EB6B6E53-DDBE-47FE-9C87-D5670C3A5D6B}"
EndProject
Project("{9A19103F-16F7-4668-BE54-9A1E7A4F7556}") = "ENUM", "ENUM\ENUM.csproj", "{C27A4C4D-14C2-48C6-897B-6924A88F5245}"
EndProject
Project("{9A19103F-16F7-4668-BE54-9A1E7A4F7556}") = "ООП l Классы", "ООП l Классы\ООП l Классы.csproj", "{547BC761-5AD7-4EB8-86C3-F10408C59F40}"
EndProject
Project("{9A19103F-16F7-4668-BE54-9A1E7A4F7556}") = "ООП l Методы объекта класса", "ООП l Методы объекта класса\ООП l Методы объекта класса.csproj", "{20691892-4292-4BEA-9E27-4EAEB5DB2A23}"
EndProject
Project("{9A19103F-16F7-4668-BE54-9A1E7A4F7556}") = "ООП l Модификаторы доступа", "ООП l Модификаторы доступа\ООП l Модификаторы доступа.csproj", "{C7C0B8D4-B3EA-4361-A24D-A24230C984F2}"
EndProject
Project("{9A19103F-16F7-4668-BE54-9A1E7A4F7556}") = "ООП l Инкапсулция", "ООП l Инкапсулция\ООП l Инкапсулция.csproj", "{88DB89BD-7163-4CBD-BFF6-0A536394764C}"
EndProject
Project("{9A19103F-16F7-4668-BE54-9A1E7A4F7556}") = "ООП l Конструкторы класса", "ООП l Конструкторы класса\ООП l Конструкторы класса.csproj", "{8D35EE4F-4420-4C88-8682-16720B5186EE}"
EndProject
Project("{FAE04EC0-301F-11D3-BF4B-00C04F79EFBC}") = "ООП l Перегрузка конструкторов класса", "ООП l Перегрузка конструкторов класса\ООП l Перегрузка конструкторов класса.csproj", "{1288373D-CBC0-409D-B68C-FBA1A9B54D44}"
EndProject
Global
	GlobalSection(SolutionConfigurationPlatforms) = preSolution
		Debug|Any CPU = Debug|Any CPU
		Release|Any CPU = Release|Any CPU
	EndGlobalSection
	GlobalSection(ProjectConfigurationPlatforms) = postSolution
		{A7D0B024-482F-44D3-828D-6A858E2338A5}.Debug|Any CPU.ActiveCfg = Debug|Any CPU
		{A7D0B024-482F-44D3-828D-6A858E2338A5}.Debug|Any CPU.Build.0 = Debug|Any CPU
		{A7D0B024-482F-44D3-828D-6A858E2338A5}.Release|Any CPU.ActiveCfg = Release|Any CPU
		{A7D0B024-482F-44D3-828D-6A858E2338A5}.Release|Any CPU.Build.0 = Release|Any CPU
		{E8FF2372-F47A-47AF-9DEE-8736E0EB4EE0}.Debug|Any CPU.ActiveCfg = Debug|Any CPU
		{E8FF2372-F47A-47AF-9DEE-8736E0EB4EE0}.Debug|Any CPU.Build.0 = Debug|Any CPU
		{E8FF2372-F47A-47AF-9DEE-8736E0EB4EE0}.Release|Any CPU.ActiveCfg = Release|Any CPU
		{E8FF2372-F47A-47AF-9DEE-8736E0EB4EE0}.Release|Any CPU.Build.0 = Release|Any CPU
		{71C603F3-2C63-4B51-98A0-736781290A26}.Debug|Any CPU.ActiveCfg = Debug|Any CPU
		{71C603F3-2C63-4B51-98A0-736781290A26}.Debug|Any CPU.Build.0 = Debug|Any CPU
		{71C603F3-2C63-4B51-98A0-736781290A26}.Release|Any CPU.ActiveCfg = Release|Any CPU
		{71C603F3-2C63-4B51-98A0-736781290A26}.Release|Any CPU.Build.0 = Release|Any CPU
		{055BF3D6-EB54-4455-AB72-6F50261D57EE}.Debug|Any CPU.ActiveCfg = Debug|Any CPU
		{055BF3D6-EB54-4455-AB72-6F50261D57EE}.Debug|Any CPU.Build.0 = Debug|Any CPU
		{055BF3D6-EB54-4455-AB72-6F50261D57EE}.Release|Any CPU.ActiveCfg = Release|Any CPU
		{055BF3D6-EB54-4455-AB72-6F50261D57EE}.Release|Any CPU.Build.0 = Release|Any CPU
		{B9389BD7-EB14-46FA-9187-C487CC9615DF}.Debug|Any CPU.ActiveCfg = Debug|Any CPU
		{B9389BD7-EB14-46FA-9187-C487CC9615DF}.Debug|Any CPU.Build.0 = Debug|Any CPU
		{B9389BD7-EB14-46FA-9187-C487CC9615DF}.Release|Any CPU.ActiveCfg = Release|Any CPU
		{B9389BD7-EB14-46FA-9187-C487CC9615DF}.Release|Any CPU.Build.0 = Release|Any CPU
		{2509E308-2E75-4FFA-930D-17E206631E76}.Debug|Any CPU.ActiveCfg = Debug|Any CPU
		{2509E308-2E75-4FFA-930D-17E206631E76}.Debug|Any CPU.Build.0 = Debug|Any CPU
		{2509E308-2E75-4FFA-930D-17E206631E76}.Release|Any CPU.ActiveCfg = Release|Any CPU
		{2509E308-2E75-4FFA-930D-17E206631E76}.Release|Any CPU.Build.0 = Release|Any CPU
		{A9FF20D0-BC32-4CBB-ACF5-CECB995D6890}.Debug|Any CPU.ActiveCfg = Debug|Any CPU
		{A9FF20D0-BC32-4CBB-ACF5-CECB995D6890}.Debug|Any CPU.Build.0 = Debug|Any CPU
		{A9FF20D0-BC32-4CBB-ACF5-CECB995D6890}.Release|Any CPU.ActiveCfg = Release|Any CPU
		{A9FF20D0-BC32-4CBB-ACF5-CECB995D6890}.Release|Any CPU.Build.0 = Release|Any CPU
		{E73AB0E4-2D9D-4399-AA9A-012A6BD47896}.Debug|Any CPU.ActiveCfg = Debug|Any CPU
		{E73AB0E4-2D9D-4399-AA9A-012A6BD47896}.Debug|Any CPU.Build.0 = Debug|Any CPU
		{E73AB0E4-2D9D-4399-AA9A-012A6BD47896}.Release|Any CPU.ActiveCfg = Release|Any CPU
		{E73AB0E4-2D9D-4399-AA9A-012A6BD47896}.Release|Any CPU.Build.0 = Release|Any CPU
		{226DBF2E-BCDD-4733-92B3-FD65281DFEE1}.Debug|Any CPU.ActiveCfg = Debug|Any CPU
		{226DBF2E-BCDD-4733-92B3-FD65281DFEE1}.Debug|Any CPU.Build.0 = Debug|Any CPU
		{226DBF2E-BCDD-4733-92B3-FD65281DFEE1}.Release|Any CPU.ActiveCfg = Release|Any CPU
		{226DBF2E-BCDD-4733-92B3-FD65281DFEE1}.Release|Any CPU.Build.0 = Release|Any CPU
		{BD03FAD8-636B-4EAE-B2A2-E7C131A7CAFB}.Debug|Any CPU.ActiveCfg = Debug|Any CPU
		{BD03FAD8-636B-4EAE-B2A2-E7C131A7CAFB}.Debug|Any CPU.Build.0 = Debug|Any CPU
		{BD03FAD8-636B-4EAE-B2A2-E7C131A7CAFB}.Release|Any CPU.ActiveCfg = Release|Any CPU
		{BD03FAD8-636B-4EAE-B2A2-E7C131A7CAFB}.Release|Any CPU.Build.0 = Release|Any CPU
		{8B50B1F6-DDCB-4ACB-BFBD-2E50C3BBD0CE}.Debug|Any CPU.ActiveCfg = Debug|Any CPU
		{8B50B1F6-DDCB-4ACB-BFBD-2E50C3BBD0CE}.Debug|Any CPU.Build.0 = Debug|Any CPU
		{8B50B1F6-DDCB-4ACB-BFBD-2E50C3BBD0CE}.Release|Any CPU.ActiveCfg = Release|Any CPU
		{8B50B1F6-DDCB-4ACB-BFBD-2E50C3BBD0CE}.Release|Any CPU.Build.0 = Release|Any CPU
		{6AEE072C-51A0-45F7-8251-E3DCF8AEE454}.Debug|Any CPU.ActiveCfg = Debug|Any CPU
		{6AEE072C-51A0-45F7-8251-E3DCF8AEE454}.Debug|Any CPU.Build.0 = Debug|Any CPU
		{6AEE072C-51A0-45F7-8251-E3DCF8AEE454}.Release|Any CPU.ActiveCfg = Release|Any CPU
		{6AEE072C-51A0-45F7-8251-E3DCF8AEE454}.Release|Any CPU.Build.0 = Release|Any CPU
		{843698D8-66A5-4A48-A163-415B8AFB3307}.Debug|Any CPU.ActiveCfg = Debug|Any CPU
		{843698D8-66A5-4A48-A163-415B8AFB3307}.Debug|Any CPU.Build.0 = Debug|Any CPU
		{843698D8-66A5-4A48-A163-415B8AFB3307}.Release|Any CPU.ActiveCfg = Release|Any CPU
		{843698D8-66A5-4A48-A163-415B8AFB3307}.Release|Any CPU.Build.0 = Release|Any CPU
		{A61BE14B-66A5-4529-BD03-5E8C760B2DA6}.Debug|Any CPU.ActiveCfg = Debug|Any CPU
		{A61BE14B-66A5-4529-BD03-5E8C760B2DA6}.Debug|Any CPU.Build.0 = Debug|Any CPU
		{A61BE14B-66A5-4529-BD03-5E8C760B2DA6}.Release|Any CPU.ActiveCfg = Release|Any CPU
		{A61BE14B-66A5-4529-BD03-5E8C760B2DA6}.Release|Any CPU.Build.0 = Release|Any CPU
		{41DB7EDC-16AD-4AA2-B2E9-B44B10E90012}.Debug|Any CPU.ActiveCfg = Debug|Any CPU
		{41DB7EDC-16AD-4AA2-B2E9-B44B10E90012}.Debug|Any CPU.Build.0 = Debug|Any CPU
		{41DB7EDC-16AD-4AA2-B2E9-B44B10E90012}.Release|Any CPU.ActiveCfg = Release|Any CPU
		{41DB7EDC-16AD-4AA2-B2E9-B44B10E90012}.Release|Any CPU.Build.0 = Release|Any CPU
		{CF625A09-5885-47E5-B512-0B682A75C92B}.Debug|Any CPU.ActiveCfg = Debug|Any CPU
		{CF625A09-5885-47E5-B512-0B682A75C92B}.Debug|Any CPU.Build.0 = Debug|Any CPU
		{CF625A09-5885-47E5-B512-0B682A75C92B}.Release|Any CPU.ActiveCfg = Release|Any CPU
		{CF625A09-5885-47E5-B512-0B682A75C92B}.Release|Any CPU.Build.0 = Release|Any CPU
		{1AFABD49-82D1-4187-9518-5A3286D0449A}.Debug|Any CPU.ActiveCfg = Debug|Any CPU
		{1AFABD49-82D1-4187-9518-5A3286D0449A}.Debug|Any CPU.Build.0 = Debug|Any CPU
		{1AFABD49-82D1-4187-9518-5A3286D0449A}.Release|Any CPU.ActiveCfg = Release|Any CPU
		{1AFABD49-82D1-4187-9518-5A3286D0449A}.Release|Any CPU.Build.0 = Release|Any CPU
		{8F623949-4BB5-46AF-98FD-768016BD4D0B}.Debug|Any CPU.ActiveCfg = Debug|Any CPU
		{8F623949-4BB5-46AF-98FD-768016BD4D0B}.Debug|Any CPU.Build.0 = Debug|Any CPU
		{8F623949-4BB5-46AF-98FD-768016BD4D0B}.Release|Any CPU.ActiveCfg = Release|Any CPU
		{8F623949-4BB5-46AF-98FD-768016BD4D0B}.Release|Any CPU.Build.0 = Release|Any CPU
		{0698D402-339F-46A3-A18F-EC2B8534FF97}.Debug|Any CPU.ActiveCfg = Debug|Any CPU
		{0698D402-339F-46A3-A18F-EC2B8534FF97}.Debug|Any CPU.Build.0 = Debug|Any CPU
		{0698D402-339F-46A3-A18F-EC2B8534FF97}.Release|Any CPU.ActiveCfg = Release|Any CPU
		{0698D402-339F-46A3-A18F-EC2B8534FF97}.Release|Any CPU.Build.0 = Release|Any CPU
		{2C04ECFE-6BF4-496E-9835-D4EBDD147D00}.Debug|Any CPU.ActiveCfg = Debug|Any CPU
		{2C04ECFE-6BF4-496E-9835-D4EBDD147D00}.Debug|Any CPU.Build.0 = Debug|Any CPU
		{2C04ECFE-6BF4-496E-9835-D4EBDD147D00}.Release|Any CPU.ActiveCfg = Release|Any CPU
		{2C04ECFE-6BF4-496E-9835-D4EBDD147D00}.Release|Any CPU.Build.0 = Release|Any CPU
		{9CAFA7D2-BE6C-4A2C-843C-0CC5DF0BB144}.Debug|Any CPU.ActiveCfg = Debug|Any CPU
		{9CAFA7D2-BE6C-4A2C-843C-0CC5DF0BB144}.Debug|Any CPU.Build.0 = Debug|Any CPU
		{9CAFA7D2-BE6C-4A2C-843C-0CC5DF0BB144}.Release|Any CPU.ActiveCfg = Release|Any CPU
		{9CAFA7D2-BE6C-4A2C-843C-0CC5DF0BB144}.Release|Any CPU.Build.0 = Release|Any CPU
		{84F9627F-0F85-462D-88B1-C4CD888B9B85}.Debug|Any CPU.ActiveCfg = Debug|Any CPU
		{84F9627F-0F85-462D-88B1-C4CD888B9B85}.Debug|Any CPU.Build.0 = Debug|Any CPU
		{84F9627F-0F85-462D-88B1-C4CD888B9B85}.Release|Any CPU.ActiveCfg = Release|Any CPU
		{84F9627F-0F85-462D-88B1-C4CD888B9B85}.Release|Any CPU.Build.0 = Release|Any CPU
		{CA667105-4FCC-4BBC-839E-967BE8A4CC9C}.Debug|Any CPU.ActiveCfg = Debug|Any CPU
		{CA667105-4FCC-4BBC-839E-967BE8A4CC9C}.Debug|Any CPU.Build.0 = Debug|Any CPU
		{CA667105-4FCC-4BBC-839E-967BE8A4CC9C}.Release|Any CPU.ActiveCfg = Release|Any CPU
		{CA667105-4FCC-4BBC-839E-967BE8A4CC9C}.Release|Any CPU.Build.0 = Release|Any CPU
		{F4B8CAC1-781B-4420-9304-41C328E9F181}.Debug|Any CPU.ActiveCfg = Debug|Any CPU
		{F4B8CAC1-781B-4420-9304-41C328E9F181}.Debug|Any CPU.Build.0 = Debug|Any CPU
		{F4B8CAC1-781B-4420-9304-41C328E9F181}.Release|Any CPU.ActiveCfg = Release|Any CPU
		{F4B8CAC1-781B-4420-9304-41C328E9F181}.Release|Any CPU.Build.0 = Release|Any CPU
		{C5145A27-0FE4-4B13-B230-68B193D3B046}.Debug|Any CPU.ActiveCfg = Debug|Any CPU
		{C5145A27-0FE4-4B13-B230-68B193D3B046}.Debug|Any CPU.Build.0 = Debug|Any CPU
		{C5145A27-0FE4-4B13-B230-68B193D3B046}.Release|Any CPU.ActiveCfg = Release|Any CPU
		{C5145A27-0FE4-4B13-B230-68B193D3B046}.Release|Any CPU.Build.0 = Release|Any CPU
		{BC70FE14-5F7F-49AB-993E-9F27DB1E0938}.Debug|Any CPU.ActiveCfg = Debug|Any CPU
		{BC70FE14-5F7F-49AB-993E-9F27DB1E0938}.Debug|Any CPU.Build.0 = Debug|Any CPU
		{BC70FE14-5F7F-49AB-993E-9F27DB1E0938}.Release|Any CPU.ActiveCfg = Release|Any CPU
		{BC70FE14-5F7F-49AB-993E-9F27DB1E0938}.Release|Any CPU.Build.0 = Release|Any CPU
		{098B6D25-8272-421B-A910-E191DE5FEA2A}.Debug|Any CPU.ActiveCfg = Debug|Any CPU
		{098B6D25-8272-421B-A910-E191DE5FEA2A}.Debug|Any CPU.Build.0 = Debug|Any CPU
		{098B6D25-8272-421B-A910-E191DE5FEA2A}.Release|Any CPU.ActiveCfg = Release|Any CPU
		{098B6D25-8272-421B-A910-E191DE5FEA2A}.Release|Any CPU.Build.0 = Release|Any CPU
		{96A626C1-DDFA-4C86-A0CB-009078714C06}.Debug|Any CPU.ActiveCfg = Debug|Any CPU
		{96A626C1-DDFA-4C86-A0CB-009078714C06}.Debug|Any CPU.Build.0 = Debug|Any CPU
		{96A626C1-DDFA-4C86-A0CB-009078714C06}.Release|Any CPU.ActiveCfg = Release|Any CPU
		{96A626C1-DDFA-4C86-A0CB-009078714C06}.Release|Any CPU.Build.0 = Release|Any CPU
		{64B64A86-D38E-457C-B840-D3C3E1189F80}.Debug|Any CPU.ActiveCfg = Debug|Any CPU
		{64B64A86-D38E-457C-B840-D3C3E1189F80}.Debug|Any CPU.Build.0 = Debug|Any CPU
		{64B64A86-D38E-457C-B840-D3C3E1189F80}.Release|Any CPU.ActiveCfg = Release|Any CPU
		{64B64A86-D38E-457C-B840-D3C3E1189F80}.Release|Any CPU.Build.0 = Release|Any CPU
		{E6751F94-4A89-435D-B5E0-36542629E988}.Debug|Any CPU.ActiveCfg = Debug|Any CPU
		{E6751F94-4A89-435D-B5E0-36542629E988}.Debug|Any CPU.Build.0 = Debug|Any CPU
		{E6751F94-4A89-435D-B5E0-36542629E988}.Release|Any CPU.ActiveCfg = Release|Any CPU
		{E6751F94-4A89-435D-B5E0-36542629E988}.Release|Any CPU.Build.0 = Release|Any CPU
		{05E2D1B8-6121-4A0E-A83D-5DF2A1878969}.Debug|Any CPU.ActiveCfg = Debug|Any CPU
		{05E2D1B8-6121-4A0E-A83D-5DF2A1878969}.Debug|Any CPU.Build.0 = Debug|Any CPU
		{05E2D1B8-6121-4A0E-A83D-5DF2A1878969}.Release|Any CPU.ActiveCfg = Release|Any CPU
		{05E2D1B8-6121-4A0E-A83D-5DF2A1878969}.Release|Any CPU.Build.0 = Release|Any CPU
		{5AE147F3-95A8-4706-ADB5-6C5630A332AC}.Debug|Any CPU.ActiveCfg = Debug|Any CPU
		{5AE147F3-95A8-4706-ADB5-6C5630A332AC}.Debug|Any CPU.Build.0 = Debug|Any CPU
		{5AE147F3-95A8-4706-ADB5-6C5630A332AC}.Release|Any CPU.ActiveCfg = Release|Any CPU
		{5AE147F3-95A8-4706-ADB5-6C5630A332AC}.Release|Any CPU.Build.0 = Release|Any CPU
		{E244309E-EB2F-47DC-AD6D-029F2F71331D}.Debug|Any CPU.ActiveCfg = Debug|Any CPU
		{E244309E-EB2F-47DC-AD6D-029F2F71331D}.Debug|Any CPU.Build.0 = Debug|Any CPU
		{E244309E-EB2F-47DC-AD6D-029F2F71331D}.Release|Any CPU.ActiveCfg = Release|Any CPU
		{E244309E-EB2F-47DC-AD6D-029F2F71331D}.Release|Any CPU.Build.0 = Release|Any CPU
		{A938E07C-D593-4426-9E3E-A0A4229FC4CA}.Debug|Any CPU.ActiveCfg = Debug|Any CPU
		{A938E07C-D593-4426-9E3E-A0A4229FC4CA}.Debug|Any CPU.Build.0 = Debug|Any CPU
		{A938E07C-D593-4426-9E3E-A0A4229FC4CA}.Release|Any CPU.ActiveCfg = Release|Any CPU
		{A938E07C-D593-4426-9E3E-A0A4229FC4CA}.Release|Any CPU.Build.0 = Release|Any CPU
		{A8D80083-8693-4ACC-A57E-516929CD5022}.Debug|Any CPU.ActiveCfg = Debug|Any CPU
		{A8D80083-8693-4ACC-A57E-516929CD5022}.Debug|Any CPU.Build.0 = Debug|Any CPU
		{A8D80083-8693-4ACC-A57E-516929CD5022}.Release|Any CPU.ActiveCfg = Release|Any CPU
		{A8D80083-8693-4ACC-A57E-516929CD5022}.Release|Any CPU.Build.0 = Release|Any CPU
		{0815F8AB-2358-4826-8161-4FE822C1CEB9}.Debug|Any CPU.ActiveCfg = Debug|Any CPU
		{0815F8AB-2358-4826-8161-4FE822C1CEB9}.Debug|Any CPU.Build.0 = Debug|Any CPU
		{0815F8AB-2358-4826-8161-4FE822C1CEB9}.Release|Any CPU.ActiveCfg = Release|Any CPU
		{0815F8AB-2358-4826-8161-4FE822C1CEB9}.Release|Any CPU.Build.0 = Release|Any CPU
		{CF513F4E-BBC5-4980-91AA-37AA4D0979DB}.Debug|Any CPU.ActiveCfg = Debug|Any CPU
		{CF513F4E-BBC5-4980-91AA-37AA4D0979DB}.Debug|Any CPU.Build.0 = Debug|Any CPU
		{CF513F4E-BBC5-4980-91AA-37AA4D0979DB}.Release|Any CPU.ActiveCfg = Release|Any CPU
		{CF513F4E-BBC5-4980-91AA-37AA4D0979DB}.Release|Any CPU.Build.0 = Release|Any CPU
		{BAC031E5-F02C-4005-838E-1AC19553CF0B}.Debug|Any CPU.ActiveCfg = Debug|Any CPU
		{BAC031E5-F02C-4005-838E-1AC19553CF0B}.Debug|Any CPU.Build.0 = Debug|Any CPU
		{BAC031E5-F02C-4005-838E-1AC19553CF0B}.Release|Any CPU.ActiveCfg = Release|Any CPU
		{BAC031E5-F02C-4005-838E-1AC19553CF0B}.Release|Any CPU.Build.0 = Release|Any CPU
		{EEEA5896-368E-4375-81FC-8D440CEAE982}.Debug|Any CPU.ActiveCfg = Debug|Any CPU
		{EEEA5896-368E-4375-81FC-8D440CEAE982}.Debug|Any CPU.Build.0 = Debug|Any CPU
		{EEEA5896-368E-4375-81FC-8D440CEAE982}.Release|Any CPU.ActiveCfg = Release|Any CPU
		{EEEA5896-368E-4375-81FC-8D440CEAE982}.Release|Any CPU.Build.0 = Release|Any CPU
		{417B5A1C-765B-4A65-AA3F-D220403F72B3}.Debug|Any CPU.ActiveCfg = Debug|Any CPU
		{417B5A1C-765B-4A65-AA3F-D220403F72B3}.Debug|Any CPU.Build.0 = Debug|Any CPU
		{417B5A1C-765B-4A65-AA3F-D220403F72B3}.Release|Any CPU.ActiveCfg = Release|Any CPU
		{417B5A1C-765B-4A65-AA3F-D220403F72B3}.Release|Any CPU.Build.0 = Release|Any CPU
		{BC09A607-0E88-49B8-A167-E43C3B44C894}.Debug|Any CPU.ActiveCfg = Debug|Any CPU
		{BC09A607-0E88-49B8-A167-E43C3B44C894}.Debug|Any CPU.Build.0 = Debug|Any CPU
		{BC09A607-0E88-49B8-A167-E43C3B44C894}.Release|Any CPU.ActiveCfg = Release|Any CPU
		{BC09A607-0E88-49B8-A167-E43C3B44C894}.Release|Any CPU.Build.0 = Release|Any CPU
		{21855871-101A-42C0-BDC3-5426441B4F34}.Debug|Any CPU.ActiveCfg = Debug|Any CPU
		{21855871-101A-42C0-BDC3-5426441B4F34}.Debug|Any CPU.Build.0 = Debug|Any CPU
		{21855871-101A-42C0-BDC3-5426441B4F34}.Release|Any CPU.ActiveCfg = Release|Any CPU
		{21855871-101A-42C0-BDC3-5426441B4F34}.Release|Any CPU.Build.0 = Release|Any CPU
		{627E282E-4849-430B-912D-BCDD0A5349CF}.Debug|Any CPU.ActiveCfg = Debug|Any CPU
		{627E282E-4849-430B-912D-BCDD0A5349CF}.Debug|Any CPU.Build.0 = Debug|Any CPU
		{627E282E-4849-430B-912D-BCDD0A5349CF}.Release|Any CPU.ActiveCfg = Release|Any CPU
		{627E282E-4849-430B-912D-BCDD0A5349CF}.Release|Any CPU.Build.0 = Release|Any CPU
		{80872A51-91BA-48D2-8DE1-1D4996A6D16F}.Debug|Any CPU.ActiveCfg = Debug|Any CPU
		{80872A51-91BA-48D2-8DE1-1D4996A6D16F}.Debug|Any CPU.Build.0 = Debug|Any CPU
		{80872A51-91BA-48D2-8DE1-1D4996A6D16F}.Release|Any CPU.ActiveCfg = Release|Any CPU
		{80872A51-91BA-48D2-8DE1-1D4996A6D16F}.Release|Any CPU.Build.0 = Release|Any CPU
		{A3E71C6A-D9C4-4540-837C-524136D4E4E1}.Debug|Any CPU.ActiveCfg = Debug|Any CPU
		{A3E71C6A-D9C4-4540-837C-524136D4E4E1}.Debug|Any CPU.Build.0 = Debug|Any CPU
		{A3E71C6A-D9C4-4540-837C-524136D4E4E1}.Release|Any CPU.ActiveCfg = Release|Any CPU
		{A3E71C6A-D9C4-4540-837C-524136D4E4E1}.Release|Any CPU.Build.0 = Release|Any CPU
		{0F7D0597-D6FC-4545-941F-6DEDD30B3D95}.Debug|Any CPU.ActiveCfg = Debug|Any CPU
		{0F7D0597-D6FC-4545-941F-6DEDD30B3D95}.Debug|Any CPU.Build.0 = Debug|Any CPU
		{0F7D0597-D6FC-4545-941F-6DEDD30B3D95}.Release|Any CPU.ActiveCfg = Release|Any CPU
		{0F7D0597-D6FC-4545-941F-6DEDD30B3D95}.Release|Any CPU.Build.0 = Release|Any CPU
		{D6FB9723-734C-4B51-9A2A-681C36BFE79E}.Debug|Any CPU.ActiveCfg = Debug|Any CPU
		{D6FB9723-734C-4B51-9A2A-681C36BFE79E}.Debug|Any CPU.Build.0 = Debug|Any CPU
		{D6FB9723-734C-4B51-9A2A-681C36BFE79E}.Release|Any CPU.ActiveCfg = Release|Any CPU
		{D6FB9723-734C-4B51-9A2A-681C36BFE79E}.Release|Any CPU.Build.0 = Release|Any CPU
		{A3347B54-14B4-4CEC-B91D-C580A77A1209}.Debug|Any CPU.ActiveCfg = Debug|Any CPU
		{A3347B54-14B4-4CEC-B91D-C580A77A1209}.Debug|Any CPU.Build.0 = Debug|Any CPU
		{A3347B54-14B4-4CEC-B91D-C580A77A1209}.Release|Any CPU.ActiveCfg = Release|Any CPU
		{A3347B54-14B4-4CEC-B91D-C580A77A1209}.Release|Any CPU.Build.0 = Release|Any CPU
		{BB7DD40B-0AF1-44F3-9B13-90746DFFC0ED}.Debug|Any CPU.ActiveCfg = Debug|Any CPU
		{BB7DD40B-0AF1-44F3-9B13-90746DFFC0ED}.Debug|Any CPU.Build.0 = Debug|Any CPU
		{BB7DD40B-0AF1-44F3-9B13-90746DFFC0ED}.Release|Any CPU.ActiveCfg = Release|Any CPU
		{BB7DD40B-0AF1-44F3-9B13-90746DFFC0ED}.Release|Any CPU.Build.0 = Release|Any CPU
		{B63EB77A-B5AD-4530-94E6-38EE8C752ADB}.Debug|Any CPU.ActiveCfg = Debug|Any CPU
		{B63EB77A-B5AD-4530-94E6-38EE8C752ADB}.Debug|Any CPU.Build.0 = Debug|Any CPU
		{B63EB77A-B5AD-4530-94E6-38EE8C752ADB}.Release|Any CPU.ActiveCfg = Release|Any CPU
		{B63EB77A-B5AD-4530-94E6-38EE8C752ADB}.Release|Any CPU.Build.0 = Release|Any CPU
		{FC537D3C-9A7B-4C3F-BC29-D4A68DFB5227}.Debug|Any CPU.ActiveCfg = Debug|Any CPU
		{FC537D3C-9A7B-4C3F-BC29-D4A68DFB5227}.Debug|Any CPU.Build.0 = Debug|Any CPU
		{FC537D3C-9A7B-4C3F-BC29-D4A68DFB5227}.Release|Any CPU.ActiveCfg = Release|Any CPU
		{FC537D3C-9A7B-4C3F-BC29-D4A68DFB5227}.Release|Any CPU.Build.0 = Release|Any CPU
		{A24F7AD9-4822-4AD6-9EC8-2695BE865FF8}.Debug|Any CPU.ActiveCfg = Debug|Any CPU
		{A24F7AD9-4822-4AD6-9EC8-2695BE865FF8}.Debug|Any CPU.Build.0 = Debug|Any CPU
		{A24F7AD9-4822-4AD6-9EC8-2695BE865FF8}.Release|Any CPU.ActiveCfg = Release|Any CPU
		{A24F7AD9-4822-4AD6-9EC8-2695BE865FF8}.Release|Any CPU.Build.0 = Release|Any CPU
		{23BFDC1F-F6B2-4C24-B34F-FD281C902ED1}.Debug|Any CPU.ActiveCfg = Debug|Any CPU
		{23BFDC1F-F6B2-4C24-B34F-FD281C902ED1}.Debug|Any CPU.Build.0 = Debug|Any CPU
		{23BFDC1F-F6B2-4C24-B34F-FD281C902ED1}.Release|Any CPU.ActiveCfg = Release|Any CPU
		{23BFDC1F-F6B2-4C24-B34F-FD281C902ED1}.Release|Any CPU.Build.0 = Release|Any CPU
		{44470E20-5933-44A4-97A2-BE189963C916}.Debug|Any CPU.ActiveCfg = Debug|Any CPU
		{44470E20-5933-44A4-97A2-BE189963C916}.Debug|Any CPU.Build.0 = Debug|Any CPU
		{44470E20-5933-44A4-97A2-BE189963C916}.Release|Any CPU.ActiveCfg = Release|Any CPU
		{44470E20-5933-44A4-97A2-BE189963C916}.Release|Any CPU.Build.0 = Release|Any CPU
		{51D5B67F-0559-4B04-8743-699F81CFF2CA}.Debug|Any CPU.ActiveCfg = Debug|Any CPU
		{51D5B67F-0559-4B04-8743-699F81CFF2CA}.Debug|Any CPU.Build.0 = Debug|Any CPU
		{51D5B67F-0559-4B04-8743-699F81CFF2CA}.Release|Any CPU.ActiveCfg = Release|Any CPU
		{51D5B67F-0559-4B04-8743-699F81CFF2CA}.Release|Any CPU.Build.0 = Release|Any CPU
		{6D382331-D2BD-41F4-931E-0362EA255803}.Debug|Any CPU.ActiveCfg = Debug|Any CPU
		{6D382331-D2BD-41F4-931E-0362EA255803}.Debug|Any CPU.Build.0 = Debug|Any CPU
		{6D382331-D2BD-41F4-931E-0362EA255803}.Release|Any CPU.ActiveCfg = Release|Any CPU
		{6D382331-D2BD-41F4-931E-0362EA255803}.Release|Any CPU.Build.0 = Release|Any CPU
		{216E2B90-7BBE-4DB3-A3D0-3BAC8AAAA50A}.Debug|Any CPU.ActiveCfg = Debug|Any CPU
		{216E2B90-7BBE-4DB3-A3D0-3BAC8AAAA50A}.Debug|Any CPU.Build.0 = Debug|Any CPU
		{216E2B90-7BBE-4DB3-A3D0-3BAC8AAAA50A}.Release|Any CPU.ActiveCfg = Release|Any CPU
		{216E2B90-7BBE-4DB3-A3D0-3BAC8AAAA50A}.Release|Any CPU.Build.0 = Release|Any CPU
		{1F2E3168-81BC-4963-8C7B-91772D5EB904}.Debug|Any CPU.ActiveCfg = Debug|Any CPU
		{1F2E3168-81BC-4963-8C7B-91772D5EB904}.Debug|Any CPU.Build.0 = Debug|Any CPU
		{1F2E3168-81BC-4963-8C7B-91772D5EB904}.Release|Any CPU.ActiveCfg = Release|Any CPU
		{1F2E3168-81BC-4963-8C7B-91772D5EB904}.Release|Any CPU.Build.0 = Release|Any CPU
		{41134D98-9B62-4ADE-BF94-8446F9CEB9B5}.Debug|Any CPU.ActiveCfg = Debug|Any CPU
		{41134D98-9B62-4ADE-BF94-8446F9CEB9B5}.Debug|Any CPU.Build.0 = Debug|Any CPU
		{41134D98-9B62-4ADE-BF94-8446F9CEB9B5}.Release|Any CPU.ActiveCfg = Release|Any CPU
		{41134D98-9B62-4ADE-BF94-8446F9CEB9B5}.Release|Any CPU.Build.0 = Release|Any CPU
		{5CC2D434-BE9C-498A-A2A7-CBE3F9677194}.Debug|Any CPU.ActiveCfg = Debug|Any CPU
		{5CC2D434-BE9C-498A-A2A7-CBE3F9677194}.Debug|Any CPU.Build.0 = Debug|Any CPU
		{5CC2D434-BE9C-498A-A2A7-CBE3F9677194}.Release|Any CPU.ActiveCfg = Release|Any CPU
		{5CC2D434-BE9C-498A-A2A7-CBE3F9677194}.Release|Any CPU.Build.0 = Release|Any CPU
		{EB6B6E53-DDBE-47FE-9C87-D5670C3A5D6B}.Debug|Any CPU.ActiveCfg = Debug|Any CPU
		{EB6B6E53-DDBE-47FE-9C87-D5670C3A5D6B}.Debug|Any CPU.Build.0 = Debug|Any CPU
		{EB6B6E53-DDBE-47FE-9C87-D5670C3A5D6B}.Release|Any CPU.ActiveCfg = Release|Any CPU
		{EB6B6E53-DDBE-47FE-9C87-D5670C3A5D6B}.Release|Any CPU.Build.0 = Release|Any CPU
		{C27A4C4D-14C2-48C6-897B-6924A88F5245}.Debug|Any CPU.ActiveCfg = Debug|Any CPU
		{C27A4C4D-14C2-48C6-897B-6924A88F5245}.Debug|Any CPU.Build.0 = Debug|Any CPU
		{C27A4C4D-14C2-48C6-897B-6924A88F5245}.Release|Any CPU.ActiveCfg = Release|Any CPU
		{C27A4C4D-14C2-48C6-897B-6924A88F5245}.Release|Any CPU.Build.0 = Release|Any CPU
		{547BC761-5AD7-4EB8-86C3-F10408C59F40}.Debug|Any CPU.ActiveCfg = Debug|Any CPU
		{547BC761-5AD7-4EB8-86C3-F10408C59F40}.Debug|Any CPU.Build.0 = Debug|Any CPU
		{547BC761-5AD7-4EB8-86C3-F10408C59F40}.Release|Any CPU.ActiveCfg = Release|Any CPU
		{547BC761-5AD7-4EB8-86C3-F10408C59F40}.Release|Any CPU.Build.0 = Release|Any CPU
		{20691892-4292-4BEA-9E27-4EAEB5DB2A23}.Debug|Any CPU.ActiveCfg = Debug|Any CPU
		{20691892-4292-4BEA-9E27-4EAEB5DB2A23}.Debug|Any CPU.Build.0 = Debug|Any CPU
		{20691892-4292-4BEA-9E27-4EAEB5DB2A23}.Release|Any CPU.ActiveCfg = Release|Any CPU
		{20691892-4292-4BEA-9E27-4EAEB5DB2A23}.Release|Any CPU.Build.0 = Release|Any CPU
		{C7C0B8D4-B3EA-4361-A24D-A24230C984F2}.Debug|Any CPU.ActiveCfg = Debug|Any CPU
		{C7C0B8D4-B3EA-4361-A24D-A24230C984F2}.Debug|Any CPU.Build.0 = Debug|Any CPU
		{C7C0B8D4-B3EA-4361-A24D-A24230C984F2}.Release|Any CPU.ActiveCfg = Release|Any CPU
		{C7C0B8D4-B3EA-4361-A24D-A24230C984F2}.Release|Any CPU.Build.0 = Release|Any CPU
		{88DB89BD-7163-4CBD-BFF6-0A536394764C}.Debug|Any CPU.ActiveCfg = Debug|Any CPU
		{88DB89BD-7163-4CBD-BFF6-0A536394764C}.Debug|Any CPU.Build.0 = Debug|Any CPU
		{88DB89BD-7163-4CBD-BFF6-0A536394764C}.Release|Any CPU.ActiveCfg = Release|Any CPU
		{88DB89BD-7163-4CBD-BFF6-0A536394764C}.Release|Any CPU.Build.0 = Release|Any CPU
		{8D35EE4F-4420-4C88-8682-16720B5186EE}.Debug|Any CPU.ActiveCfg = Debug|Any CPU
		{8D35EE4F-4420-4C88-8682-16720B5186EE}.Debug|Any CPU.Build.0 = Debug|Any CPU
		{8D35EE4F-4420-4C88-8682-16720B5186EE}.Release|Any CPU.ActiveCfg = Release|Any CPU
		{8D35EE4F-4420-4C88-8682-16720B5186EE}.Release|Any CPU.Build.0 = Release|Any CPU
		{1288373D-CBC0-409D-B68C-FBA1A9B54D44}.Debug|Any CPU.ActiveCfg = Debug|Any CPU
		{1288373D-CBC0-409D-B68C-FBA1A9B54D44}.Debug|Any CPU.Build.0 = Debug|Any CPU
		{1288373D-CBC0-409D-B68C-FBA1A9B54D44}.Release|Any CPU.ActiveCfg = Release|Any CPU
		{1288373D-CBC0-409D-B68C-FBA1A9B54D44}.Release|Any CPU.Build.0 = Release|Any CPU
	EndGlobalSection
	GlobalSection(SolutionProperties) = preSolution
		HideSolutionNode = FALSE
	EndGlobalSection
	GlobalSection(ExtensibilityGlobals) = postSolution
		SolutionGuid = {D9AD78CB-4B29-484B-97F6-9D07AE310DD5}
	EndGlobalSection
EndGlobal
